
Microsoft Visual Studio Solution File, Format Version 12.00
# Visual Studio Version 17
VisualStudioVersion = 17.2.32616.157
MinimumVisualStudioVersion = 10.0.40219.1
Project("{FAE04EC0-301F-11D3-BF4B-00C04F79EFBC}") = "SportsStore", "SportsStore\SportsStore.csproj", "{8BF1F2CA-BE27-4900-8115-7EB2B70985EB}"
EndProject
Project("{FAE04EC0-301F-11D3-BF4B-00C04F79EFBC}") = "SportsStore.Tests", "SportsStore.Tests\SportsStore.Tests.csproj", "{5399ACFE-C3DF-44E9-9DC0-329DBD1AB2AD}"
EndProject
Global
	GlobalSection(SolutionConfigurationPlatforms) = preSolution
		Debug|Any CPU = Debug|Any CPU
		Release|Any CPU = Release|Any CPU
	EndGlobalSection
	GlobalSection(ProjectConfigurationPlatforms) = postSolution
		{8BF1F2CA-BE27-4900-8115-7EB2B70985EB}.Debug|Any CPU.ActiveCfg = Debug|Any CPU
		{8BF1F2CA-BE27-4900-8115-7EB2B70985EB}.Debug|Any CPU.Build.0 = Debug|Any CPU
		{8BF1F2CA-BE27-4900-8115-7EB2B70985EB}.Release|Any CPU.ActiveCfg = Release|Any CPU
		{8BF1F2CA-BE27-4900-8115-7EB2B70985EB}.Release|Any CPU.Build.0 = Release|Any CPU
		{5399ACFE-C3DF-44E9-9DC0-329DBD1AB2AD}.Debug|Any CPU.ActiveCfg = Debug|Any CPU
		{5399ACFE-C3DF-44E9-9DC0-329DBD1AB2AD}.Debug|Any CPU.Build.0 = Debug|Any CPU
		{5399ACFE-C3DF-44E9-9DC0-329DBD1AB2AD}.Release|Any CPU.ActiveCfg = Release|Any CPU
		{5399ACFE-C3DF-44E9-9DC0-329DBD1AB2AD}.Release|Any CPU.Build.0 = Release|Any CPU
	EndGlobalSection
	GlobalSection(SolutionProperties) = preSolution
		HideSolutionNode = FALSE
	EndGlobalSection
	GlobalSection(ExtensibilityGlobals) = postSolution
		SolutionGuid = {4CEBBC1F-E08E-4083-B310-49A5C80CE9EB}
	EndGlobalSection
EndGlobal
