
Microsoft Visual Studio Solution File, Format Version 12.00
# Visual Studio Version 17
VisualStudioVersion = 17.2.32616.157
MinimumVisualStudioVersion = 10.0.40219.1
Project("{9A19103F-16F7-4668-BE54-9A1E7A4F7556}") = "WоrkingWith", "WоrkingWith\WоrkingWith.csproj", "{9C0DC954-A098-4198-8B1E-87032971ED7D}"
EndProject
Project("{9A19103F-16F7-4668-BE54-9A1E7A4F7556}") = "WW_test", "WW_test\WW_test.csproj", "{FD2C7143-F667-4E5F-A644-0F436E78E695}"
EndProject
Global
	GlobalSection(SolutionConfigurationPlatforms) = preSolution
		Debug|Any CPU = Debug|Any CPU
		Release|Any CPU = Release|Any CPU
	EndGlobalSection
	GlobalSection(ProjectConfigurationPlatforms) = postSolution
		{9C0DC954-A098-4198-8B1E-87032971ED7D}.Debug|Any CPU.ActiveCfg = Debug|Any CPU
		{9C0DC954-A098-4198-8B1E-87032971ED7D}.Debug|Any CPU.Build.0 = Debug|Any CPU
		{9C0DC954-A098-4198-8B1E-87032971ED7D}.Release|Any CPU.ActiveCfg = Release|Any CPU
		{9C0DC954-A098-4198-8B1E-87032971ED7D}.Release|Any CPU.Build.0 = Release|Any CPU
		{FD2C7143-F667-4E5F-A644-0F436E78E695}.Debug|Any CPU.ActiveCfg = Debug|Any CPU
		{FD2C7143-F667-4E5F-A644-0F436E78E695}.Debug|Any CPU.Build.0 = Debug|Any CPU
		{FD2C7143-F667-4E5F-A644-0F436E78E695}.Release|Any CPU.ActiveCfg = Release|Any CPU
		{FD2C7143-F667-4E5F-A644-0F436E78E695}.Release|Any CPU.Build.0 = Release|Any CPU
	EndGlobalSection
	GlobalSection(SolutionProperties) = preSolution
		HideSolutionNode = FALSE
	EndGlobalSection
	GlobalSection(ExtensibilityGlobals) = postSolution
		SolutionGuid = {F79A15AE-E230-48ED-AB32-475CF91C99B3}
	EndGlobalSection
EndGlobal
